
Microsoft Visual Studio Solution File, Format Version 12.00
Project("{FAE04EC0-301F-11D3-BF4B-00C04F79EFBC}") = "Algorithms_Sedgewick", "Algorithms_Sedgewick\Algorithms_Sedgewick.csproj", "{ECA91B9A-02BF-4D4F-BCBC-0DF8B4BA411D}"
EndProject
Project("{FAE04EC0-301F-11D3-BF4B-00C04F79EFBC}") = "UnitTests", "UnitTests\UnitTests.csproj", "{05069449-BDB9-410C-AA87-136951174F09}"
EndProject
Project("{FAE04EC0-301F-11D3-BF4B-00C04F79EFBC}") = "Support", "Support\Support.csproj", "{08110A09-0736-47C5-A005-962C89CB6559}"
EndProject
Project("{FAE04EC0-301F-11D3-BF4B-00C04F79EFBC}") = "Visualization", "Visualization\Visualization.csproj", "{16966C81-388F-436D-B2AB-3D812CD11DC8}"
EndProject
Project("{FAE04EC0-301F-11D3-BF4B-00C04F79EFBC}") = "PerformanceTests", "PerformanceTests\PerformanceTests.csproj", "{606EE9A0-E596-485B-82CD-BAF0D9DA9BB2}"
EndProject
Project("{FAE04EC0-301F-11D3-BF4B-00C04F79EFBC}") = "Demos", "Demos\Demos.csproj", "{C1CD80C2-A791-4DC0-BCA6-C4B77BA9AF41}"
EndProject
Global
	GlobalSection(SolutionConfigurationPlatforms) = preSolution
		Debug|Any CPU = Debug|Any CPU
		Release|Any CPU = Release|Any CPU
		With Instrumentation|Any CPU = With Instrumentation|Any CPU
	EndGlobalSection
	GlobalSection(ProjectConfigurationPlatforms) = postSolution
		{ECA91B9A-02BF-4D4F-BCBC-0DF8B4BA411D}.Debug|Any CPU.ActiveCfg = Debug|Any CPU
		{ECA91B9A-02BF-4D4F-BCBC-0DF8B4BA411D}.Debug|Any CPU.Build.0 = Debug|Any CPU
		{ECA91B9A-02BF-4D4F-BCBC-0DF8B4BA411D}.With Instrumentation|Any CPU.ActiveCfg = With Instrumentation|Any CPU
		{ECA91B9A-02BF-4D4F-BCBC-0DF8B4BA411D}.With Instrumentation|Any CPU.Build.0 = With Instrumentation|Any CPU
		{ECA91B9A-02BF-4D4F-BCBC-0DF8B4BA411D}.Release|Any CPU.ActiveCfg = Release|Any CPU
		{ECA91B9A-02BF-4D4F-BCBC-0DF8B4BA411D}.Release|Any CPU.Build.0 = Release|Any CPU
		{05069449-BDB9-410C-AA87-136951174F09}.Debug|Any CPU.ActiveCfg = Debug|Any CPU
		{05069449-BDB9-410C-AA87-136951174F09}.Debug|Any CPU.Build.0 = Debug|Any CPU
		{05069449-BDB9-410C-AA87-136951174F09}.With Instrumentation|Any CPU.ActiveCfg = With Instrumentation|Any CPU
		{05069449-BDB9-410C-AA87-136951174F09}.With Instrumentation|Any CPU.Build.0 = With Instrumentation|Any CPU
		{05069449-BDB9-410C-AA87-136951174F09}.Release|Any CPU.ActiveCfg = Release|Any CPU
		{05069449-BDB9-410C-AA87-136951174F09}.Release|Any CPU.Build.0 = Release|Any CPU
		{08110A09-0736-47C5-A005-962C89CB6559}.Debug|Any CPU.ActiveCfg = Debug|Any CPU
		{08110A09-0736-47C5-A005-962C89CB6559}.Debug|Any CPU.Build.0 = Debug|Any CPU
		{08110A09-0736-47C5-A005-962C89CB6559}.With Instrumentation|Any CPU.ActiveCfg = With Instrumentation|Any CPU
		{08110A09-0736-47C5-A005-962C89CB6559}.With Instrumentation|Any CPU.Build.0 = With Instrumentation|Any CPU
		{08110A09-0736-47C5-A005-962C89CB6559}.Release|Any CPU.ActiveCfg = Release|Any CPU
		{08110A09-0736-47C5-A005-962C89CB6559}.Release|Any CPU.Build.0 = Release|Any CPU
		{16966C81-388F-436D-B2AB-3D812CD11DC8}.Debug|Any CPU.ActiveCfg = Debug|Any CPU
		{16966C81-388F-436D-B2AB-3D812CD11DC8}.Debug|Any CPU.Build.0 = Debug|Any CPU
		{16966C81-388F-436D-B2AB-3D812CD11DC8}.With Instrumentation|Any CPU.ActiveCfg = With Instrumentation|Any CPU
		{16966C81-388F-436D-B2AB-3D812CD11DC8}.With Instrumentation|Any CPU.Build.0 = With Instrumentation|Any CPU
		{16966C81-388F-436D-B2AB-3D812CD11DC8}.Release|Any CPU.ActiveCfg = Release|Any CPU
		{16966C81-388F-436D-B2AB-3D812CD11DC8}.Release|Any CPU.Build.0 = Release|Any CPU
		{606EE9A0-E596-485B-82CD-BAF0D9DA9BB2}.Debug|Any CPU.ActiveCfg = Debug|Any CPU
		{606EE9A0-E596-485B-82CD-BAF0D9DA9BB2}.Debug|Any CPU.Build.0 = Debug|Any CPU
		{606EE9A0-E596-485B-82CD-BAF0D9DA9BB2}.Release|Any CPU.ActiveCfg = Release|Any CPU
		{606EE9A0-E596-485B-82CD-BAF0D9DA9BB2}.Release|Any CPU.Build.0 = Release|Any CPU
		{606EE9A0-E596-485B-82CD-BAF0D9DA9BB2}.With Instrumentation|Any CPU.ActiveCfg = Debug|Any CPU
		{606EE9A0-E596-485B-82CD-BAF0D9DA9BB2}.With Instrumentation|Any CPU.Build.0 = Debug|Any CPU
		{C1CD80C2-A791-4DC0-BCA6-C4B77BA9AF41}.Debug|Any CPU.ActiveCfg = Debug|Any CPU
		{C1CD80C2-A791-4DC0-BCA6-C4B77BA9AF41}.Debug|Any CPU.Build.0 = Debug|Any CPU
		{C1CD80C2-A791-4DC0-BCA6-C4B77BA9AF41}.Release|Any CPU.ActiveCfg = Release|Any CPU
		{C1CD80C2-A791-4DC0-BCA6-C4B77BA9AF41}.Release|Any CPU.Build.0 = Release|Any CPU
		{C1CD80C2-A791-4DC0-BCA6-C4B77BA9AF41}.With Instrumentation|Any CPU.ActiveCfg = Debug|Any CPU
		{C1CD80C2-A791-4DC0-BCA6-C4B77BA9AF41}.With Instrumentation|Any CPU.Build.0 = Debug|Any CPU
	EndGlobalSection
EndGlobal
