
Microsoft Visual Studio Solution File, Format Version 12.00
# Visual Studio Version 17
VisualStudioVersion = 17.9.34407.89
MinimumVisualStudioVersion = 10.0.40219.1
Project("{9A19103F-16F7-4668-BE54-9A1E7A4F7556}") = "AlgorithmsSW", "AlgorithmsSW\AlgorithmsSW.csproj", "{ECA91B9A-02BF-4D4F-BCBC-0DF8B4BA411D}"
EndProject
Project("{9A19103F-16F7-4668-BE54-9A1E7A4F7556}") = "UnitTests", "UnitTests\UnitTests.csproj", "{05069449-BDB9-410C-AA87-136951174F09}"
EndProject
Project("{9A19103F-16F7-4668-BE54-9A1E7A4F7556}") = "Support", "Support\Support.csproj", "{08110A09-0736-47C5-A005-962C89CB6559}"
EndProject
Project("{9A19103F-16F7-4668-BE54-9A1E7A4F7556}") = "Visualization", "Visualization\Visualization.csproj", "{16966C81-388F-436D-B2AB-3D812CD11DC8}"
EndProject
Project("{9A19103F-16F7-4668-BE54-9A1E7A4F7556}") = "PerformanceTests", "PerformanceTests\PerformanceTests.csproj", "{606EE9A0-E596-485B-82CD-BAF0D9DA9BB2}"
EndProject
Project("{9A19103F-16F7-4668-BE54-9A1E7A4F7556}") = "Demos", "Demos\Demos.csproj", "{C1CD80C2-A791-4DC0-BCA6-C4B77BA9AF41}"
EndProject
Project("{9A19103F-16F7-4668-BE54-9A1E7A4F7556}") = "Benchmarks", "Benchmarks\Benchmarks.csproj", "{B7EBE53F-2F81-432C-BBDB-C6D624F70045}"
EndProject
Project("{9A19103F-16F7-4668-BE54-9A1E7A4F7556}") = "Documentation", "Documentation\Documentation.csproj", "{2D055C31-81E8-4CBA-B76F-887C91A4BDB4}"
EndProject
Project("{2150E333-8FDC-42A3-9474-1A3956D46DE8}") = "Solution Items", "Solution Items", "{2E69B594-E532-44CC-97F2-9EBA25C6E107}"
	ProjectSection(SolutionItems) = preProject
		.editorconfig = .editorconfig
	EndProjectSection
EndProject
Global
	GlobalSection(SolutionConfigurationPlatforms) = preSolution
		Debug|Any CPU = Debug|Any CPU
		Release|Any CPU = Release|Any CPU
		With Instrumentation|Any CPU = With Instrumentation|Any CPU
	EndGlobalSection
	GlobalSection(ProjectConfigurationPlatforms) = postSolution
		{ECA91B9A-02BF-4D4F-BCBC-0DF8B4BA411D}.Debug|Any CPU.ActiveCfg = Debug|Any CPU
		{ECA91B9A-02BF-4D4F-BCBC-0DF8B4BA411D}.Debug|Any CPU.Build.0 = Debug|Any CPU
		{ECA91B9A-02BF-4D4F-BCBC-0DF8B4BA411D}.Release|Any CPU.ActiveCfg = Release|Any CPU
		{ECA91B9A-02BF-4D4F-BCBC-0DF8B4BA411D}.Release|Any CPU.Build.0 = Release|Any CPU
		{ECA91B9A-02BF-4D4F-BCBC-0DF8B4BA411D}.With Instrumentation|Any CPU.ActiveCfg = With Instrumentation|Any CPU
		{ECA91B9A-02BF-4D4F-BCBC-0DF8B4BA411D}.With Instrumentation|Any CPU.Build.0 = With Instrumentation|Any CPU
		{05069449-BDB9-410C-AA87-136951174F09}.Debug|Any CPU.ActiveCfg = Debug|Any CPU
		{05069449-BDB9-410C-AA87-136951174F09}.Debug|Any CPU.Build.0 = Debug|Any CPU
		{05069449-BDB9-410C-AA87-136951174F09}.Release|Any CPU.ActiveCfg = Release|Any CPU
		{05069449-BDB9-410C-AA87-136951174F09}.Release|Any CPU.Build.0 = Release|Any CPU
		{05069449-BDB9-410C-AA87-136951174F09}.With Instrumentation|Any CPU.ActiveCfg = With Instrumentation|Any CPU
		{05069449-BDB9-410C-AA87-136951174F09}.With Instrumentation|Any CPU.Build.0 = With Instrumentation|Any CPU
		{08110A09-0736-47C5-A005-962C89CB6559}.Debug|Any CPU.ActiveCfg = Debug|Any CPU
		{08110A09-0736-47C5-A005-962C89CB6559}.Debug|Any CPU.Build.0 = Debug|Any CPU
		{08110A09-0736-47C5-A005-962C89CB6559}.Release|Any CPU.ActiveCfg = Release|Any CPU
		{08110A09-0736-47C5-A005-962C89CB6559}.Release|Any CPU.Build.0 = Release|Any CPU
		{08110A09-0736-47C5-A005-962C89CB6559}.With Instrumentation|Any CPU.ActiveCfg = With Instrumentation|Any CPU
		{08110A09-0736-47C5-A005-962C89CB6559}.With Instrumentation|Any CPU.Build.0 = With Instrumentation|Any CPU
		{16966C81-388F-436D-B2AB-3D812CD11DC8}.Debug|Any CPU.ActiveCfg = Debug|Any CPU
		{16966C81-388F-436D-B2AB-3D812CD11DC8}.Debug|Any CPU.Build.0 = Debug|Any CPU
		{16966C81-388F-436D-B2AB-3D812CD11DC8}.Release|Any CPU.ActiveCfg = Release|Any CPU
		{16966C81-388F-436D-B2AB-3D812CD11DC8}.Release|Any CPU.Build.0 = Release|Any CPU
		{16966C81-388F-436D-B2AB-3D812CD11DC8}.With Instrumentation|Any CPU.ActiveCfg = With Instrumentation|Any CPU
		{16966C81-388F-436D-B2AB-3D812CD11DC8}.With Instrumentation|Any CPU.Build.0 = With Instrumentation|Any CPU
		{606EE9A0-E596-485B-82CD-BAF0D9DA9BB2}.Debug|Any CPU.ActiveCfg = Debug|Any CPU
		{606EE9A0-E596-485B-82CD-BAF0D9DA9BB2}.Debug|Any CPU.Build.0 = Debug|Any CPU
		{606EE9A0-E596-485B-82CD-BAF0D9DA9BB2}.Release|Any CPU.ActiveCfg = Release|Any CPU
		{606EE9A0-E596-485B-82CD-BAF0D9DA9BB2}.Release|Any CPU.Build.0 = Release|Any CPU
		{606EE9A0-E596-485B-82CD-BAF0D9DA9BB2}.With Instrumentation|Any CPU.ActiveCfg = Debug|Any CPU
		{606EE9A0-E596-485B-82CD-BAF0D9DA9BB2}.With Instrumentation|Any CPU.Build.0 = Debug|Any CPU
		{C1CD80C2-A791-4DC0-BCA6-C4B77BA9AF41}.Debug|Any CPU.ActiveCfg = Debug|Any CPU
		{C1CD80C2-A791-4DC0-BCA6-C4B77BA9AF41}.Debug|Any CPU.Build.0 = Debug|Any CPU
		{C1CD80C2-A791-4DC0-BCA6-C4B77BA9AF41}.Release|Any CPU.ActiveCfg = Release|Any CPU
		{C1CD80C2-A791-4DC0-BCA6-C4B77BA9AF41}.Release|Any CPU.Build.0 = Release|Any CPU
		{C1CD80C2-A791-4DC0-BCA6-C4B77BA9AF41}.With Instrumentation|Any CPU.ActiveCfg = Debug|Any CPU
		{C1CD80C2-A791-4DC0-BCA6-C4B77BA9AF41}.With Instrumentation|Any CPU.Build.0 = Debug|Any CPU
		{B7EBE53F-2F81-432C-BBDB-C6D624F70045}.Debug|Any CPU.ActiveCfg = Debug|Any CPU
		{B7EBE53F-2F81-432C-BBDB-C6D624F70045}.Debug|Any CPU.Build.0 = Debug|Any CPU
		{B7EBE53F-2F81-432C-BBDB-C6D624F70045}.Release|Any CPU.ActiveCfg = Release|Any CPU
		{B7EBE53F-2F81-432C-BBDB-C6D624F70045}.Release|Any CPU.Build.0 = Release|Any CPU
		{B7EBE53F-2F81-432C-BBDB-C6D624F70045}.With Instrumentation|Any CPU.ActiveCfg = Debug|Any CPU
		{B7EBE53F-2F81-432C-BBDB-C6D624F70045}.With Instrumentation|Any CPU.Build.0 = Debug|Any CPU
		{2D055C31-81E8-4CBA-B76F-887C91A4BDB4}.Debug|Any CPU.ActiveCfg = Debug|Any CPU
		{2D055C31-81E8-4CBA-B76F-887C91A4BDB4}.Debug|Any CPU.Build.0 = Debug|Any CPU
		{2D055C31-81E8-4CBA-B76F-887C91A4BDB4}.Release|Any CPU.ActiveCfg = Release|Any CPU
		{2D055C31-81E8-4CBA-B76F-887C91A4BDB4}.Release|Any CPU.Build.0 = Release|Any CPU
		{2D055C31-81E8-4CBA-B76F-887C91A4BDB4}.With Instrumentation|Any CPU.ActiveCfg = Debug|Any CPU
		{2D055C31-81E8-4CBA-B76F-887C91A4BDB4}.With Instrumentation|Any CPU.Build.0 = Debug|Any CPU
	EndGlobalSection
	GlobalSection(SolutionProperties) = preSolution
		HideSolutionNode = FALSE
	EndGlobalSection
EndGlobal
